
Microsoft Visual Studio Solution File, Format Version 12.00
# Visual Studio Version 17
VisualStudioVersion = 17.13.35825.156 d17.13
MinimumVisualStudioVersion = 10.0.40219.1
Project("{FAE04EC0-301F-11D3-BF4B-00C04F79EFBC}") = "HangfireWeb", "HangfireWeb\HangfireWeb.csproj", "{AE1B2BDE-5AE7-4C9E-AF08-4E3DA454B29B}"
EndProject
Global
	GlobalSection(SolutionConfigurationPlatforms) = preSolution
		Debug|Any CPU = Debug|Any CPU
		Release|Any CPU = Release|Any CPU
	EndGlobalSection
	GlobalSection(ProjectConfigurationPlatforms) = postSolution
		{AE1B2BDE-5AE7-4C9E-AF08-4E3DA454B29B}.Debug|Any CPU.ActiveCfg = Debug|Any CPU
		{AE1B2BDE-5AE7-4C9E-AF08-4E3DA454B29B}.Debug|Any CPU.Build.0 = Debug|Any CPU
		{AE1B2BDE-5AE7-4C9E-AF08-4E3DA454B29B}.Release|Any CPU.ActiveCfg = Release|Any CPU
		{AE1B2BDE-5AE7-4C9E-AF08-4E3DA454B29B}.Release|Any CPU.Build.0 = Release|Any CPU
	EndGlobalSection
	GlobalSection(SolutionProperties) = preSolution
		HideSolutionNode = FALSE
	EndGlobalSection
	GlobalSection(ExtensibilityGlobals) = postSolution
		SolutionGuid = {5EA37E1C-8255-4BC6-AC3E-45185FFAFF0A}
	EndGlobalSection
EndGlobal
